
Microsoft Visual Studio Solution File, Format Version 12.00
# Visual Studio Version 17
VisualStudioVersion = 17.9.34723.18
MinimumVisualStudioVersion = 10.0.40219.1
Project("{FAE04EC0-301F-11D3-BF4B-00C04F79EFBC}") = "ConsoleApp1", "ConsoleApp1\ConsoleApp1.csproj", "{A8B05978-BC32-49D0-9947-27365EC4AE82}"
EndProject
Global
	GlobalSection(SolutionConfigurationPlatforms) = preSolution
		Debug|Any CPU = Debug|Any CPU
		Release|Any CPU = Release|Any CPU
	EndGlobalSection
	GlobalSection(ProjectConfigurationPlatforms) = postSolution
		{A8B05978-BC32-49D0-9947-27365EC4AE82}.Debug|Any CPU.ActiveCfg = Debug|Any CPU
		{A8B05978-BC32-49D0-9947-27365EC4AE82}.Debug|Any CPU.Build.0 = Debug|Any CPU
		{A8B05978-BC32-49D0-9947-27365EC4AE82}.Release|Any CPU.ActiveCfg = Release|Any CPU
		{A8B05978-BC32-49D0-9947-27365EC4AE82}.Release|Any CPU.Build.0 = Release|Any CPU
	EndGlobalSection
	GlobalSection(SolutionProperties) = preSolution
		HideSolutionNode = FALSE
	EndGlobalSection
	GlobalSection(ExtensibilityGlobals) = postSolution
		SolutionGuid = {B64F59F1-BD61-4E1A-9E9A-FBE74F248F48}
	EndGlobalSection
EndGlobal
